
Microsoft Visual Studio Solution File, Format Version 12.00
# Visual Studio Version 17
VisualStudioVersion = 17.14.36804.6 d17.14
MinimumVisualStudioVersion = 10.0.40219.1
Project("{FAE04EC0-301F-11D3-BF4B-00C04F79EFBC}") = "Flotta_Veicoli", "Flotta_Veicoli\Flotta_Veicoli.csproj", "{F1553C1F-3668-491E-BADB-9E038F8A3BCC}"
EndProject
Global
	GlobalSection(SolutionConfigurationPlatforms) = preSolution
		Debug|Any CPU = Debug|Any CPU
		Release|Any CPU = Release|Any CPU
	EndGlobalSection
	GlobalSection(ProjectConfigurationPlatforms) = postSolution
		{F1553C1F-3668-491E-BADB-9E038F8A3BCC}.Debug|Any CPU.ActiveCfg = Debug|Any CPU
		{F1553C1F-3668-491E-BADB-9E038F8A3BCC}.Debug|Any CPU.Build.0 = Debug|Any CPU
		{F1553C1F-3668-491E-BADB-9E038F8A3BCC}.Release|Any CPU.ActiveCfg = Release|Any CPU
		{F1553C1F-3668-491E-BADB-9E038F8A3BCC}.Release|Any CPU.Build.0 = Release|Any CPU
	EndGlobalSection
	GlobalSection(SolutionProperties) = preSolution
		HideSolutionNode = FALSE
	EndGlobalSection
	GlobalSection(ExtensibilityGlobals) = postSolution
		SolutionGuid = {196DB790-283D-4D17-82C3-0E804F907CF7}
	EndGlobalSection
EndGlobal
